// !$*UTF8*$!
{
	archiveVersion = 1;
	classes = {
	};
	objectVersion = 46;
	objects = {

/* Begin PBXBuildFile section */
		8FA7F0BE1C767251001A8DE9 /* Int.swift in Sources */ = {isa = PBXBuildFile; fileRef = 8FA7F0BD1C767251001A8DE9 /* Int.swift */; };
		8FA7F0C01C767289001A8DE9 /* Primes.swift in Sources */ = {isa = PBXBuildFile; fileRef = 8FA7F0BF1C767289001A8DE9 /* Primes.swift */; };
		8FA7F0CA1C767332001A8DE9 /* OperatorsTests.swift in Sources */ = {isa = PBXBuildFile; fileRef = 8FA7F0C51C767332001A8DE9 /* OperatorsTests.swift */; };
		8FA7F0CB1C767332001A8DE9 /* OddEvenTests.swift in Sources */ = {isa = PBXBuildFile; fileRef = 8FA7F0C61C767332001A8DE9 /* OddEvenTests.swift */; };
		8FA7F0CC1C767332001A8DE9 /* EpsilonTests.swift in Sources */ = {isa = PBXBuildFile; fileRef = 8FA7F0C71C767332001A8DE9 /* EpsilonTests.swift */; };
		8FA7F0CD1C767332001A8DE9 /* MathTests.swift in Sources */ = {isa = PBXBuildFile; fileRef = 8FA7F0C81C767332001A8DE9 /* MathTests.swift */; };
		8FA7F0CE1C767332001A8DE9 /* SignTests.swift in Sources */ = {isa = PBXBuildFile; fileRef = 8FA7F0C91C767332001A8DE9 /* SignTests.swift */; };
		8FD876A91C766E3700181FA6 /* Arithmetic.h in Headers */ = {isa = PBXBuildFile; fileRef = 8FD876A81C766E3700181FA6 /* Arithmetic.h */; settings = {ATTRIBUTES = (Public, ); }; };
		8FD876B01C766E3700181FA6 /* Arithmetic.framework in Frameworks */ = {isa = PBXBuildFile; fileRef = 8FD876A51C766E3700181FA6 /* Arithmetic.framework */; };
		8FD876B51C766E3700181FA6 /* ArithmeticTests.swift in Sources */ = {isa = PBXBuildFile; fileRef = 8FD876B41C766E3700181FA6 /* ArithmeticTests.swift */; };
		8FD876C81C766E6200181FA6 /* Zeroable.swift in Sources */ = {isa = PBXBuildFile; fileRef = 8FD876BF1C766E6200181FA6 /* Zeroable.swift */; };
		8FD876C91C766E6200181FA6 /* Multipliable.swift in Sources */ = {isa = PBXBuildFile; fileRef = 8FD876C01C766E6200181FA6 /* Multipliable.swift */; };
		8FD876CA1C766E6200181FA6 /* Dividable.swift in Sources */ = {isa = PBXBuildFile; fileRef = 8FD876C11C766E6200181FA6 /* Dividable.swift */; };
		8FD876CB1C766E6200181FA6 /* Addable.swift in Sources */ = {isa = PBXBuildFile; fileRef = 8FD876C21C766E6200181FA6 /* Addable.swift */; };
		8FD876CC1C766E6200181FA6 /* Subtractable.swift in Sources */ = {isa = PBXBuildFile; fileRef = 8FD876C31C766E6200181FA6 /* Subtractable.swift */; };
		8FD876CD1C766E6200181FA6 /* Remainderable.swift in Sources */ = {isa = PBXBuildFile; fileRef = 8FD876C41C766E6200181FA6 /* Remainderable.swift */; };
		8FD876CE1C766E6200181FA6 /* ArithmeticType.swift in Sources */ = {isa = PBXBuildFile; fileRef = 8FD876C51C766E6200181FA6 /* ArithmeticType.swift */; };
		8FD876CF1C766E6200181FA6 /* FloatingPointArithmeticType.swift in Sources */ = {isa = PBXBuildFile; fileRef = 8FD876C61C766E6200181FA6 /* FloatingPointArithmeticType.swift */; };
		8FD876D01C766E6200181FA6 /* GenericIntegerType.swift in Sources */ = {isa = PBXBuildFile; fileRef = 8FD876C71C766E6200181FA6 /* GenericIntegerType.swift */; };
		8FD876D31C766E9100181FA6 /* Epsilon.swift in Sources */ = {isa = PBXBuildFile; fileRef = 8FD876D11C766E9100181FA6 /* Epsilon.swift */; };
		8FD876D41C766E9100181FA6 /* Absolute.swift in Sources */ = {isa = PBXBuildFile; fileRef = 8FD876D21C766E9100181FA6 /* Absolute.swift */; };
		8FD876D61C766EA200181FA6 /* Rounding.swift in Sources */ = {isa = PBXBuildFile; fileRef = 8FD876D51C766EA200181FA6 /* Rounding.swift */; };
		8FD876D81C766EAF00181FA6 /* Squared.swift in Sources */ = {isa = PBXBuildFile; fileRef = 8FD876D71C766EAF00181FA6 /* Squared.swift */; };
		8FD876DA1C766ED300181FA6 /* Sign.swift in Sources */ = {isa = PBXBuildFile; fileRef = 8FD876D91C766ED300181FA6 /* Sign.swift */; };
		8FD876DC1C766EF600181FA6 /* Power.swift in Sources */ = {isa = PBXBuildFile; fileRef = 8FD876DB1C766EF600181FA6 /* Power.swift */; };
		8FD876DE1C766F1700181FA6 /* Sum.swift in Sources */ = {isa = PBXBuildFile; fileRef = 8FD876DD1C766F1700181FA6 /* Sum.swift */; };
		8FD876E01C766F7000181FA6 /* Approximate.swift in Sources */ = {isa = PBXBuildFile; fileRef = 8FD876DF1C766F7000181FA6 /* Approximate.swift */; };
		8FD876E21C766F7B00181FA6 /* Fuzzy.swift in Sources */ = {isa = PBXBuildFile; fileRef = 8FD876E11C766F7B00181FA6 /* Fuzzy.swift */; };
/* End PBXBuildFile section */

/* Begin PBXContainerItemProxy section */
		8FD876B11C766E3700181FA6 /* PBXContainerItemProxy */ = {
			isa = PBXContainerItemProxy;
			containerPortal = 8FD8769C1C766E3700181FA6 /* Project object */;
			proxyType = 1;
			remoteGlobalIDString = 8FD876A41C766E3700181FA6;
			remoteInfo = Arithmetic;
		};
/* End PBXContainerItemProxy section */

/* Begin PBXFileReference section */
		8FA7F0BD1C767251001A8DE9 /* Int.swift */ = {isa = PBXFileReference; fileEncoding = 4; lastKnownFileType = sourcecode.swift; lineEnding = 0; path = Int.swift; sourceTree = "<group>"; xcLanguageSpecificationIdentifier = xcode.lang.swift; };
		8FA7F0BF1C767289001A8DE9 /* Primes.swift */ = {isa = PBXFileReference; fileEncoding = 4; lastKnownFileType = sourcecode.swift; lineEnding = 0; path = Primes.swift; sourceTree = "<group>"; xcLanguageSpecificationIdentifier = xcode.lang.swift; };
		8FA7F0C51C767332001A8DE9 /* OperatorsTests.swift */ = {isa = PBXFileReference; fileEncoding = 4; lastKnownFileType = sourcecode.swift; lineEnding = 0; path = OperatorsTests.swift; sourceTree = "<group>"; xcLanguageSpecificationIdentifier = xcode.lang.swift; };
		8FA7F0C61C767332001A8DE9 /* OddEvenTests.swift */ = {isa = PBXFileReference; fileEncoding = 4; lastKnownFileType = sourcecode.swift; lineEnding = 0; path = OddEvenTests.swift; sourceTree = "<group>"; xcLanguageSpecificationIdentifier = xcode.lang.swift; };
		8FA7F0C71C767332001A8DE9 /* EpsilonTests.swift */ = {isa = PBXFileReference; fileEncoding = 4; lastKnownFileType = sourcecode.swift; lineEnding = 0; path = EpsilonTests.swift; sourceTree = "<group>"; xcLanguageSpecificationIdentifier = xcode.lang.swift; };
		8FA7F0C81C767332001A8DE9 /* MathTests.swift */ = {isa = PBXFileReference; fileEncoding = 4; lastKnownFileType = sourcecode.swift; lineEnding = 0; path = MathTests.swift; sourceTree = "<group>"; xcLanguageSpecificationIdentifier = xcode.lang.swift; };
		8FA7F0C91C767332001A8DE9 /* SignTests.swift */ = {isa = PBXFileReference; fileEncoding = 4; lastKnownFileType = sourcecode.swift; lineEnding = 0; path = SignTests.swift; sourceTree = "<group>"; xcLanguageSpecificationIdentifier = xcode.lang.swift; };
		8FD876A51C766E3700181FA6 /* Arithmetic.framework */ = {isa = PBXFileReference; explicitFileType = wrapper.framework; includeInIndex = 0; path = Arithmetic.framework; sourceTree = BUILT_PRODUCTS_DIR; };
		8FD876A81C766E3700181FA6 /* Arithmetic.h */ = {isa = PBXFileReference; lastKnownFileType = sourcecode.c.h; path = Arithmetic.h; sourceTree = "<group>"; };
		8FD876AA1C766E3700181FA6 /* Info.plist */ = {isa = PBXFileReference; lastKnownFileType = text.plist.xml; path = Info.plist; sourceTree = "<group>"; };
		8FD876AF1C766E3700181FA6 /* ArithmeticTests.xctest */ = {isa = PBXFileReference; explicitFileType = wrapper.cfbundle; includeInIndex = 0; path = ArithmeticTests.xctest; sourceTree = BUILT_PRODUCTS_DIR; };
		8FD876B41C766E3700181FA6 /* ArithmeticTests.swift */ = {isa = PBXFileReference; lastKnownFileType = sourcecode.swift; path = ArithmeticTests.swift; sourceTree = "<group>"; };
		8FD876B61C766E3700181FA6 /* Info.plist */ = {isa = PBXFileReference; lastKnownFileType = text.plist.xml; path = Info.plist; sourceTree = "<group>"; };
		8FD876BF1C766E6200181FA6 /* Zeroable.swift */ = {isa = PBXFileReference; fileEncoding = 4; lastKnownFileType = sourcecode.swift; lineEnding = 0; path = Zeroable.swift; sourceTree = "<group>"; xcLanguageSpecificationIdentifier = xcode.lang.swift; };
		8FD876C01C766E6200181FA6 /* Multipliable.swift */ = {isa = PBXFileReference; fileEncoding = 4; lastKnownFileType = sourcecode.swift; lineEnding = 0; path = Multipliable.swift; sourceTree = "<group>"; xcLanguageSpecificationIdentifier = xcode.lang.swift; };
		8FD876C11C766E6200181FA6 /* Dividable.swift */ = {isa = PBXFileReference; fileEncoding = 4; lastKnownFileType = sourcecode.swift; lineEnding = 0; path = Dividable.swift; sourceTree = "<group>"; xcLanguageSpecificationIdentifier = xcode.lang.swift; };
		8FD876C21C766E6200181FA6 /* Addable.swift */ = {isa = PBXFileReference; fileEncoding = 4; lastKnownFileType = sourcecode.swift; lineEnding = 0; path = Addable.swift; sourceTree = "<group>"; xcLanguageSpecificationIdentifier = xcode.lang.swift; };
		8FD876C31C766E6200181FA6 /* Subtractable.swift */ = {isa = PBXFileReference; fileEncoding = 4; lastKnownFileType = sourcecode.swift; lineEnding = 0; path = Subtractable.swift; sourceTree = "<group>"; xcLanguageSpecificationIdentifier = xcode.lang.swift; };
		8FD876C41C766E6200181FA6 /* Remainderable.swift */ = {isa = PBXFileReference; fileEncoding = 4; lastKnownFileType = sourcecode.swift; lineEnding = 0; path = Remainderable.swift; sourceTree = "<group>"; xcLanguageSpecificationIdentifier = xcode.lang.swift; };
		8FD876C51C766E6200181FA6 /* ArithmeticType.swift */ = {isa = PBXFileReference; fileEncoding = 4; lastKnownFileType = sourcecode.swift; lineEnding = 0; path = ArithmeticType.swift; sourceTree = "<group>"; xcLanguageSpecificationIdentifier = xcode.lang.swift; };
		8FD876C61C766E6200181FA6 /* FloatingPointArithmeticType.swift */ = {isa = PBXFileReference; fileEncoding = 4; lastKnownFileType = sourcecode.swift; lineEnding = 0; path = FloatingPointArithmeticType.swift; sourceTree = "<group>"; xcLanguageSpecificationIdentifier = xcode.lang.swift; };
		8FD876C71C766E6200181FA6 /* GenericIntegerType.swift */ = {isa = PBXFileReference; fileEncoding = 4; lastKnownFileType = sourcecode.swift; path = GenericIntegerType.swift; sourceTree = "<group>"; };
		8FD876D11C766E9100181FA6 /* Epsilon.swift */ = {isa = PBXFileReference; fileEncoding = 4; lastKnownFileType = sourcecode.swift; lineEnding = 0; path = Epsilon.swift; sourceTree = "<group>"; xcLanguageSpecificationIdentifier = xcode.lang.swift; };
		8FD876D21C766E9100181FA6 /* Absolute.swift */ = {isa = PBXFileReference; fileEncoding = 4; lastKnownFileType = sourcecode.swift; lineEnding = 0; path = Absolute.swift; sourceTree = "<group>"; xcLanguageSpecificationIdentifier = xcode.lang.swift; };
		8FD876D51C766EA200181FA6 /* Rounding.swift */ = {isa = PBXFileReference; fileEncoding = 4; lastKnownFileType = sourcecode.swift; lineEnding = 0; path = Rounding.swift; sourceTree = "<group>"; xcLanguageSpecificationIdentifier = xcode.lang.swift; };
		8FD876D71C766EAF00181FA6 /* Squared.swift */ = {isa = PBXFileReference; fileEncoding = 4; lastKnownFileType = sourcecode.swift; lineEnding = 0; path = Squared.swift; sourceTree = "<group>"; xcLanguageSpecificationIdentifier = xcode.lang.swift; };
		8FD876D91C766ED300181FA6 /* Sign.swift */ = {isa = PBXFileReference; fileEncoding = 4; lastKnownFileType = sourcecode.swift; lineEnding = 0; path = Sign.swift; sourceTree = "<group>"; xcLanguageSpecificationIdentifier = xcode.lang.swift; };
		8FD876DB1C766EF600181FA6 /* Power.swift */ = {isa = PBXFileReference; fileEncoding = 4; lastKnownFileType = sourcecode.swift; lineEnding = 0; path = Power.swift; sourceTree = "<group>"; xcLanguageSpecificationIdentifier = xcode.lang.swift; };
		8FD876DD1C766F1700181FA6 /* Sum.swift */ = {isa = PBXFileReference; fileEncoding = 4; lastKnownFileType = sourcecode.swift; lineEnding = 0; path = Sum.swift; sourceTree = "<group>"; xcLanguageSpecificationIdentifier = xcode.lang.swift; };
		8FD876DF1C766F7000181FA6 /* Approximate.swift */ = {isa = PBXFileReference; fileEncoding = 4; lastKnownFileType = sourcecode.swift; lineEnding = 0; path = Approximate.swift; sourceTree = "<group>"; xcLanguageSpecificationIdentifier = xcode.lang.swift; };
		8FD876E11C766F7B00181FA6 /* Fuzzy.swift */ = {isa = PBXFileReference; fileEncoding = 4; lastKnownFileType = sourcecode.swift; lineEnding = 0; path = Fuzzy.swift; sourceTree = "<group>"; xcLanguageSpecificationIdentifier = xcode.lang.swift; };
/* End PBXFileReference section */

/* Begin PBXFrameworksBuildPhase section */
		8FD876A11C766E3700181FA6 /* Frameworks */ = {
			isa = PBXFrameworksBuildPhase;
			buildActionMask = 2147483647;
			files = (
			);
			runOnlyForDeploymentPostprocessing = 0;
		};
		8FD876AC1C766E3700181FA6 /* Frameworks */ = {
			isa = PBXFrameworksBuildPhase;
			buildActionMask = 2147483647;
			files = (
				8FD876B01C766E3700181FA6 /* Arithmetic.framework in Frameworks */,
			);
			runOnlyForDeploymentPostprocessing = 0;
		};
/* End PBXFrameworksBuildPhase section */

/* Begin PBXGroup section */
		8FD8769B1C766E3700181FA6 = {
			isa = PBXGroup;
			children = (
				8FD876A71C766E3700181FA6 /* Arithmetic */,
				8FD876B31C766E3700181FA6 /* ArithmeticTests */,
				8FD876A61C766E3700181FA6 /* Products */,
			);
			sourceTree = "<group>";
		};
		8FD876A61C766E3700181FA6 /* Products */ = {
			isa = PBXGroup;
			children = (
				8FD876A51C766E3700181FA6 /* Arithmetic.framework */,
				8FD876AF1C766E3700181FA6 /* ArithmeticTests.xctest */,
			);
			name = Products;
			sourceTree = "<group>";
		};
		8FD876A71C766E3700181FA6 /* Arithmetic */ = {
			isa = PBXGroup;
			children = (
				8FD876BF1C766E6200181FA6 /* Zeroable.swift */,
				8FD876C01C766E6200181FA6 /* Multipliable.swift */,
				8FD876C11C766E6200181FA6 /* Dividable.swift */,
				8FD876C21C766E6200181FA6 /* Addable.swift */,
				8FD876C31C766E6200181FA6 /* Subtractable.swift */,
				8FD876C41C766E6200181FA6 /* Remainderable.swift */,
				8FA7F0BF1C767289001A8DE9 /* Primes.swift */,
				8FD876C51C766E6200181FA6 /* ArithmeticType.swift */,
				8FD876C61C766E6200181FA6 /* FloatingPointArithmeticType.swift */,
				8FD876C71C766E6200181FA6 /* GenericIntegerType.swift */,
				8FD876D11C766E9100181FA6 /* Epsilon.swift */,
				8FD876D21C766E9100181FA6 /* Absolute.swift */,
				8FA7F0BD1C767251001A8DE9 /* Int.swift */,
				8FD876D51C766EA200181FA6 /* Rounding.swift */,
				8FD876D71C766EAF00181FA6 /* Squared.swift */,
				8FD876DB1C766EF600181FA6 /* Power.swift */,
				8FD876DF1C766F7000181FA6 /* Approximate.swift */,
				8FD876DD1C766F1700181FA6 /* Sum.swift */,
				8FD876D91C766ED300181FA6 /* Sign.swift */,
				8FD876E11C766F7B00181FA6 /* Fuzzy.swift */,
				8FD876A81C766E3700181FA6 /* Arithmetic.h */,
				8FD876AA1C766E3700181FA6 /* Info.plist */,
			);
			path = Arithmetic;
			sourceTree = "<group>";
		};
		8FD876B31C766E3700181FA6 /* ArithmeticTests */ = {
			isa = PBXGroup;
			children = (
				8FA7F0C51C767332001A8DE9 /* OperatorsTests.swift */,
				8FA7F0C61C767332001A8DE9 /* OddEvenTests.swift */,
				8FA7F0C71C767332001A8DE9 /* EpsilonTests.swift */,
				8FA7F0C81C767332001A8DE9 /* MathTests.swift */,
				8FA7F0C91C767332001A8DE9 /* SignTests.swift */,
				8FD876B41C766E3700181FA6 /* ArithmeticTests.swift */,
				8FD876B61C766E3700181FA6 /* Info.plist */,
			);
			path = ArithmeticTests;
			sourceTree = "<group>";
		};
/* End PBXGroup section */

/* Begin PBXHeadersBuildPhase section */
		8FD876A21C766E3700181FA6 /* Headers */ = {
			isa = PBXHeadersBuildPhase;
			buildActionMask = 2147483647;
			files = (
				8FD876A91C766E3700181FA6 /* Arithmetic.h in Headers */,
			);
			runOnlyForDeploymentPostprocessing = 0;
		};
/* End PBXHeadersBuildPhase section */

/* Begin PBXNativeTarget section */
		8FD876A41C766E3700181FA6 /* Arithmetic */ = {
			isa = PBXNativeTarget;
			buildConfigurationList = 8FD876B91C766E3700181FA6 /* Build configuration list for PBXNativeTarget "Arithmetic" */;
			buildPhases = (
				8FD876A01C766E3700181FA6 /* Sources */,
				8FD876A11C766E3700181FA6 /* Frameworks */,
				8FD876A21C766E3700181FA6 /* Headers */,
				8FD876A31C766E3700181FA6 /* Resources */,
			);
			buildRules = (
			);
			dependencies = (
			);
			name = Arithmetic;
			productName = Arithmetic;
			productReference = 8FD876A51C766E3700181FA6 /* Arithmetic.framework */;
			productType = "com.apple.product-type.framework";
		};
		8FD876AE1C766E3700181FA6 /* ArithmeticTests */ = {
			isa = PBXNativeTarget;
			buildConfigurationList = 8FD876BC1C766E3700181FA6 /* Build configuration list for PBXNativeTarget "ArithmeticTests" */;
			buildPhases = (
				8FD876AB1C766E3700181FA6 /* Sources */,
				8FD876AC1C766E3700181FA6 /* Frameworks */,
				8FD876AD1C766E3700181FA6 /* Resources */,
			);
			buildRules = (
			);
			dependencies = (
				8FD876B21C766E3700181FA6 /* PBXTargetDependency */,
			);
			name = ArithmeticTests;
			productName = ArithmeticTests;
			productReference = 8FD876AF1C766E3700181FA6 /* ArithmeticTests.xctest */;
			productType = "com.apple.product-type.bundle.unit-test";
		};
/* End PBXNativeTarget section */

/* Begin PBXProject section */
		8FD8769C1C766E3700181FA6 /* Project object */ = {
			isa = PBXProject;
			attributes = {
				LastSwiftUpdateCheck = 0720;
				LastUpgradeCheck = 0720;
				ORGANIZATIONNAME = "Christian Otkjær";
				TargetAttributes = {
					8FD876A41C766E3700181FA6 = {
						CreatedOnToolsVersion = 7.2.1;
					};
					8FD876AE1C766E3700181FA6 = {
						CreatedOnToolsVersion = 7.2.1;
					};
				};
			};
			buildConfigurationList = 8FD8769F1C766E3700181FA6 /* Build configuration list for PBXProject "Arithmetic" */;
			compatibilityVersion = "Xcode 3.2";
			developmentRegion = English;
			hasScannedForEncodings = 0;
			knownRegions = (
				en,
			);
			mainGroup = 8FD8769B1C766E3700181FA6;
			productRefGroup = 8FD876A61C766E3700181FA6 /* Products */;
			projectDirPath = "";
			projectRoot = "";
			targets = (
				8FD876A41C766E3700181FA6 /* Arithmetic */,
				8FD876AE1C766E3700181FA6 /* ArithmeticTests */,
			);
		};
/* End PBXProject section */

/* Begin PBXResourcesBuildPhase section */
		8FD876A31C766E3700181FA6 /* Resources */ = {
			isa = PBXResourcesBuildPhase;
			buildActionMask = 2147483647;
			files = (
			);
			runOnlyForDeploymentPostprocessing = 0;
		};
		8FD876AD1C766E3700181FA6 /* Resources */ = {
			isa = PBXResourcesBuildPhase;
			buildActionMask = 2147483647;
			files = (
			);
			runOnlyForDeploymentPostprocessing = 0;
		};
/* End PBXResourcesBuildPhase section */

/* Begin PBXSourcesBuildPhase section */
		8FD876A01C766E3700181FA6 /* Sources */ = {
			isa = PBXSourcesBuildPhase;
			buildActionMask = 2147483647;
			files = (
				8FD876D01C766E6200181FA6 /* GenericIntegerType.swift in Sources */,
				8FD876CA1C766E6200181FA6 /* Dividable.swift in Sources */,
				8FA7F0BE1C767251001A8DE9 /* Int.swift in Sources */,
				8FD876DA1C766ED300181FA6 /* Sign.swift in Sources */,
				8FD876D31C766E9100181FA6 /* Epsilon.swift in Sources */,
				8FD876E01C766F7000181FA6 /* Approximate.swift in Sources */,
				8FD876CC1C766E6200181FA6 /* Subtractable.swift in Sources */,
				8FA7F0C01C767289001A8DE9 /* Primes.swift in Sources */,
				8FD876CF1C766E6200181FA6 /* FloatingPointArithmeticType.swift in Sources */,
				8FD876CB1C766E6200181FA6 /* Addable.swift in Sources */,
				8FD876DC1C766EF600181FA6 /* Power.swift in Sources */,
				8FD876CD1C766E6200181FA6 /* Remainderable.swift in Sources */,
				8FD876DE1C766F1700181FA6 /* Sum.swift in Sources */,
				8FD876D41C766E9100181FA6 /* Absolute.swift in Sources */,
				8FD876D81C766EAF00181FA6 /* Squared.swift in Sources */,
				8FD876C81C766E6200181FA6 /* Zeroable.swift in Sources */,
				8FD876CE1C766E6200181FA6 /* ArithmeticType.swift in Sources */,
				8FD876C91C766E6200181FA6 /* Multipliable.swift in Sources */,
				8FD876E21C766F7B00181FA6 /* Fuzzy.swift in Sources */,
				8FD876D61C766EA200181FA6 /* Rounding.swift in Sources */,
			);
			runOnlyForDeploymentPostprocessing = 0;
		};
		8FD876AB1C766E3700181FA6 /* Sources */ = {
			isa = PBXSourcesBuildPhase;
			buildActionMask = 2147483647;
			files = (
				8FA7F0CB1C767332001A8DE9 /* OddEvenTests.swift in Sources */,
				8FA7F0CD1C767332001A8DE9 /* MathTests.swift in Sources */,
				8FA7F0CE1C767332001A8DE9 /* SignTests.swift in Sources */,
				8FD876B51C766E3700181FA6 /* ArithmeticTests.swift in Sources */,
				8FA7F0CC1C767332001A8DE9 /* EpsilonTests.swift in Sources */,
				8FA7F0CA1C767332001A8DE9 /* OperatorsTests.swift in Sources */,
			);
			runOnlyForDeploymentPostprocessing = 0;
		};
/* End PBXSourcesBuildPhase section */

/* Begin PBXTargetDependency section */
		8FD876B21C766E3700181FA6 /* PBXTargetDependency */ = {
			isa = PBXTargetDependency;
			target = 8FD876A41C766E3700181FA6 /* Arithmetic */;
			targetProxy = 8FD876B11C766E3700181FA6 /* PBXContainerItemProxy */;
		};
/* End PBXTargetDependency section */

/* Begin XCBuildConfiguration section */
		8FD876B71C766E3700181FA6 /* Debug */ = {
			isa = XCBuildConfiguration;
			buildSettings = {
				ALWAYS_SEARCH_USER_PATHS = NO;
				CLANG_CXX_LANGUAGE_STANDARD = "gnu++0x";
				CLANG_CXX_LIBRARY = "libc++";
				CLANG_ENABLE_MODULES = YES;
				CLANG_ENABLE_OBJC_ARC = YES;
				CLANG_WARN_BOOL_CONVERSION = YES;
				CLANG_WARN_CONSTANT_CONVERSION = YES;
				CLANG_WARN_DIRECT_OBJC_ISA_USAGE = YES_ERROR;
				CLANG_WARN_EMPTY_BODY = YES;
				CLANG_WARN_ENUM_CONVERSION = YES;
				CLANG_WARN_INT_CONVERSION = YES;
				CLANG_WARN_OBJC_ROOT_CLASS = YES_ERROR;
				CLANG_WARN_UNREACHABLE_CODE = YES;
				CLANG_WARN__DUPLICATE_METHOD_MATCH = YES;
				"CODE_SIGN_IDENTITY[sdk=iphoneos*]" = "iPhone Developer";
				COPY_PHASE_STRIP = NO;
				CURRENT_PROJECT_VERSION = 1;
				DEBUG_INFORMATION_FORMAT = dwarf;
				ENABLE_STRICT_OBJC_MSGSEND = YES;
				ENABLE_TESTABILITY = YES;
				GCC_C_LANGUAGE_STANDARD = gnu99;
				GCC_DYNAMIC_NO_PIC = NO;
				GCC_NO_COMMON_BLOCKS = YES;
				GCC_OPTIMIZATION_LEVEL = 0;
				GCC_PREPROCESSOR_DEFINITIONS = (
					"DEBUG=1",
					"$(inherited)",
				);
				GCC_WARN_64_TO_32_BIT_CONVERSION = YES;
				GCC_WARN_ABOUT_RETURN_TYPE = YES_ERROR;
				GCC_WARN_UNDECLARED_SELECTOR = YES;
				GCC_WARN_UNINITIALIZED_AUTOS = YES_AGGRESSIVE;
				GCC_WARN_UNUSED_FUNCTION = YES;
				GCC_WARN_UNUSED_VARIABLE = YES;
				IPHONEOS_DEPLOYMENT_TARGET = 9.2;
				MTL_ENABLE_DEBUG_INFO = YES;
				ONLY_ACTIVE_ARCH = YES;
				SDKROOT = iphoneos;
				SWIFT_OPTIMIZATION_LEVEL = "-Onone";
				TARGETED_DEVICE_FAMILY = "1,2";
				VERSIONING_SYSTEM = "apple-generic";
				VERSION_INFO_PREFIX = "";
			};
			name = Debug;
		};
		8FD876B81C766E3700181FA6 /* Release */ = {
			isa = XCBuildConfiguration;
			buildSettings = {
				ALWAYS_SEARCH_USER_PATHS = NO;
				CLANG_CXX_LANGUAGE_STANDARD = "gnu++0x";
				CLANG_CXX_LIBRARY = "libc++";
				CLANG_ENABLE_MODULES = YES;
				CLANG_ENABLE_OBJC_ARC = YES;
				CLANG_WARN_BOOL_CONVERSION = YES;
				CLANG_WARN_CONSTANT_CONVERSION = YES;
				CLANG_WARN_DIRECT_OBJC_ISA_USAGE = YES_ERROR;
				CLANG_WARN_EMPTY_BODY = YES;
				CLANG_WARN_ENUM_CONVERSION = YES;
				CLANG_WARN_INT_CONVERSION = YES;
				CLANG_WARN_OBJC_ROOT_CLASS = YES_ERROR;
				CLANG_WARN_UNREACHABLE_CODE = YES;
				CLANG_WARN__DUPLICATE_METHOD_MATCH = YES;
				"CODE_SIGN_IDENTITY[sdk=iphoneos*]" = "iPhone Developer";
				COPY_PHASE_STRIP = NO;
				CURRENT_PROJECT_VERSION = 1;
				DEBUG_INFORMATION_FORMAT = "dwarf-with-dsym";
				ENABLE_NS_ASSERTIONS = NO;
				ENABLE_STRICT_OBJC_MSGSEND = YES;
				GCC_C_LANGUAGE_STANDARD = gnu99;
				GCC_NO_COMMON_BLOCKS = YES;
				GCC_WARN_64_TO_32_BIT_CONVERSION = YES;
				GCC_WARN_ABOUT_RETURN_TYPE = YES_ERROR;
				GCC_WARN_UNDECLARED_SELECTOR = YES;
				GCC_WARN_UNINITIALIZED_AUTOS = YES_AGGRESSIVE;
				GCC_WARN_UNUSED_FUNCTION = YES;
				GCC_WARN_UNUSED_VARIABLE = YES;
				IPHONEOS_DEPLOYMENT_TARGET = 9.2;
				MTL_ENABLE_DEBUG_INFO = NO;
				SDKROOT = iphoneos;
				TARGETED_DEVICE_FAMILY = "1,2";
				VALIDATE_PRODUCT = YES;
				VERSIONING_SYSTEM = "apple-generic";
				VERSION_INFO_PREFIX = "";
			};
			name = Release;
		};
		8FD876BA1C766E3700181FA6 /* Debug */ = {
			isa = XCBuildConfiguration;
			buildSettings = {
				CLANG_ENABLE_MODULES = YES;
				DEFINES_MODULE = YES;
				DYLIB_COMPATIBILITY_VERSION = 1;
				DYLIB_CURRENT_VERSION = 1;
				DYLIB_INSTALL_NAME_BASE = "@rpath";
				INFOPLIST_FILE = Arithmetic/Info.plist;
				INSTALL_PATH = "$(LOCAL_LIBRARY_DIR)/Frameworks";
				LD_RUNPATH_SEARCH_PATHS = "$(inherited) @executable_path/Frameworks @loader_path/Frameworks";
				PRODUCT_BUNDLE_IDENTIFIER = "com.silverback-it.Arithmetic";
				PRODUCT_NAME = "$(TARGET_NAME)";
				SKIP_INSTALL = YES;
				SWIFT_OPTIMIZATION_LEVEL = "-Onone";
			};
			name = Debug;
		};
		8FD876BB1C766E3700181FA6 /* Release */ = {
			isa = XCBuildConfiguration;
			buildSettings = {
				CLANG_ENABLE_MODULES = YES;
				DEFINES_MODULE = YES;
				DYLIB_COMPATIBILITY_VERSION = 1;
				DYLIB_CURRENT_VERSION = 1;
				DYLIB_INSTALL_NAME_BASE = "@rpath";
				INFOPLIST_FILE = Arithmetic/Info.plist;
				INSTALL_PATH = "$(LOCAL_LIBRARY_DIR)/Frameworks";
				LD_RUNPATH_SEARCH_PATHS = "$(inherited) @executable_path/Frameworks @loader_path/Frameworks";
				PRODUCT_BUNDLE_IDENTIFIER = "com.silverback-it.Arithmetic";
				PRODUCT_NAME = "$(TARGET_NAME)";
				SKIP_INSTALL = YES;
			};
			name = Release;
		};
		8FD876BD1C766E3700181FA6 /* Debug */ = {
			isa = XCBuildConfiguration;
			buildSettings = {
				FRAMEWORK_SEARCH_PATHS = (
					"$(inherited)",
					"$(PROJECT_DIR)/Carthage/Build/iOS",
				);
				INFOPLIST_FILE = ArithmeticTests/Info.plist;
				LD_RUNPATH_SEARCH_PATHS = "$(inherited) @executable_path/Frameworks @loader_path/Frameworks";
				PRODUCT_BUNDLE_IDENTIFIER = "com.silverback-it.ArithmeticTests";
				PRODUCT_NAME = "$(TARGET_NAME)";
			};
			name = Debug;
		};
		8FD876BE1C766E3700181FA6 /* Release */ = {
			isa = XCBuildConfiguration;
			buildSettings = {
				FRAMEWORK_SEARCH_PATHS = (
					"$(inherited)",
					"$(PROJECT_DIR)/Carthage/Build/iOS",
				);
				INFOPLIST_FILE = ArithmeticTests/Info.plist;
				LD_RUNPATH_SEARCH_PATHS = "$(inherited) @executable_path/Frameworks @loader_path/Frameworks";
				PRODUCT_BUNDLE_IDENTIFIER = "com.silverback-it.ArithmeticTests";
				PRODUCT_NAME = "$(TARGET_NAME)";
			};
			name = Release;
		};
/* End XCBuildConfiguration section */

/* Begin XCConfigurationList section */
		8FD8769F1C766E3700181FA6 /* Build configuration list for PBXProject "Arithmetic" */ = {
			isa = XCConfigurationList;
			buildConfigurations = (
				8FD876B71C766E3700181FA6 /* Debug */,
				8FD876B81C766E3700181FA6 /* Release */,
			);
			defaultConfigurationIsVisible = 0;
			defaultConfigurationName = Release;
		};
		8FD876B91C766E3700181FA6 /* Build configuration list for PBXNativeTarget "Arithmetic" */ = {
			isa = XCConfigurationList;
			buildConfigurations = (
				8FD876BA1C766E3700181FA6 /* Debug */,
				8FD876BB1C766E3700181FA6 /* Release */,
			);
			defaultConfigurationIsVisible = 0;
			defaultConfigurationName = Release;
		};
		8FD876BC1C766E3700181FA6 /* Build configuration list for PBXNativeTarget "ArithmeticTests" */ = {
			isa = XCConfigurationList;
			buildConfigurations = (
				8FD876BD1C766E3700181FA6 /* Debug */,
				8FD876BE1C766E3700181FA6 /* Release */,
			);
			defaultConfigurationIsVisible = 0;
			defaultConfigurationName = Release;
		};
/* End XCConfigurationList section */
	};
	rootObject = 8FD8769C1C766E3700181FA6 /* Project object */;
}
